{
  "name": "taxivn",
  "version": "1.1.0",
  "dependencies": {
    "express": {
      "version": "2.5.11",
      "dependencies": {
        "connect": {
          "version": "1.9.2",
          "dependencies": {
            "formidable": {
              "version": "1.0.11"
            }
          }
        },
        "mime": {
          "version": "1.2.4"
        },
        "qs": {
          "version": "0.4.2"
        },
        "mkdirp": {
          "version": "0.3.0"
        }
      }
    },
    "bcrypt": {
      "version": "0.7.3",
      "dependencies": {
        "bindings": {
          "version": "1.0.0"
        }
      }
    },
    "mongodb": {
      "version": "1.1.11",
      "dependencies": {
        "bson": {
          "version": "0.1.5"
        }
      }
    },
    "moment": {
      "version": "1.7.2"
    }
  }
}
